
Microsoft Visual Studio Solution File, Format Version 12.00
# Visual Studio Version 17
VisualStudioVersion = 17.10.34916.146
MinimumVisualStudioVersion = 10.0.40219.1
Project("{FAE04EC0-301F-11D3-BF4B-00C04F79EFBC}") = "My3dWebsite.Browser", "My3dWebsite\My3dWebsite.Browser\My3dWebsite.Browser.csproj", "{9418A0B4-5CBC-4002-A4D8-85B1177A0F10}"
EndProject
Project("{FAE04EC0-301F-11D3-BF4B-00C04F79EFBC}") = "My3dWebsite", "My3dWebsite\My3dWebsite\My3dWebsite.csproj", "{AB9903E3-E903-4D12-ADB4-BA93C94FB7B1}"
EndProject
Global
	GlobalSection(SolutionConfigurationPlatforms) = preSolution
		Debug|Any CPU = Debug|Any CPU
		Release|Any CPU = Release|Any CPU
	EndGlobalSection
	GlobalSection(ProjectConfigurationPlatforms) = postSolution
		{9418A0B4-5CBC-4002-A4D8-85B1177A0F10}.Debug|Any CPU.ActiveCfg = Debug|Any CPU
		{9418A0B4-5CBC-4002-A4D8-85B1177A0F10}.Debug|Any CPU.Build.0 = Debug|Any CPU
		{9418A0B4-5CBC-4002-A4D8-85B1177A0F10}.Release|Any CPU.ActiveCfg = Release|Any CPU
		{9418A0B4-5CBC-4002-A4D8-85B1177A0F10}.Release|Any CPU.Build.0 = Release|Any CPU
		{AB9903E3-E903-4D12-ADB4-BA93C94FB7B1}.Debug|Any CPU.ActiveCfg = Debug|Any CPU
		{AB9903E3-E903-4D12-ADB4-BA93C94FB7B1}.Debug|Any CPU.Build.0 = Debug|Any CPU
		{AB9903E3-E903-4D12-ADB4-BA93C94FB7B1}.Release|Any CPU.ActiveCfg = Release|Any CPU
		{AB9903E3-E903-4D12-ADB4-BA93C94FB7B1}.Release|Any CPU.Build.0 = Release|Any CPU
	EndGlobalSection
	GlobalSection(SolutionProperties) = preSolution
		HideSolutionNode = FALSE
	EndGlobalSection
	GlobalSection(ExtensibilityGlobals) = postSolution
		SolutionGuid = {8417FE38-D696-482D-9A89-48BDC1A1D7FB}
	EndGlobalSection
EndGlobal
